
Microsoft Visual Studio Solution File, Format Version 10.00
# Visual Studio 2008
Project("{F184B08F-C81C-45F6-A57F-5ABD9991F28F}") = "NetGlobLog", "common\clsNetGlobLog\NetGlobLog.vbproj", "{7645F4B9-DC7A-4440-9882-E7D38DF2C68C}"
EndProject
Project("{F184B08F-C81C-45F6-A57F-5ABD9991F28F}") = "RSTShapFlowGUI", "common\RSTShapFlowGUI\RSTShapFlowGUI\RSTShapFlowGUI.vbproj", "{A6CCFEDB-1DBB-485F-863B-977EB05BD14B}"
EndProject
Project("{F184B08F-C81C-45F6-A57F-5ABD9991F28F}") = "L8Bmain", "main\L8Bmain.vbproj", "{763EF376-57A9-4468-95D2-EFF32C453031}"
EndProject
Project("{F184B08F-C81C-45F6-A57F-5ABD9991F28F}") = "prjCCIM", "common\L8BCCIM\CCIM\prjCCIM\prjCCIM.vbproj", "{BB5064B6-E3E3-4537-ADCC-86D746900EC5}"
EndProject
Project("{F184B08F-C81C-45F6-A57F-5ABD9991F28F}") = "prjSECS", "common\L8BCCIM\SECS\prjSECS\prjSECS.vbproj", "{D64A2C7D-9FC4-4157-B046-715F18784A78}"
EndProject
Project("{F184B08F-C81C-45F6-A57F-5ABD9991F28F}") = "prjSEMI", "common\L8BCCIM\SEMI\prjSEMI\prjSEMI.vbproj", "{2B4434F9-5D99-4A80-BEED-2254AA5B0DA2}"
EndProject
Project("{F184B08F-C81C-45F6-A57F-5ABD9991F28F}") = "AUOL7BCVGUIOCX", "common\L8BIFPRJ\GUI\CV\AUOL7BCVGUIOCX\AUOL7BCVGUIOCX.vbproj", "{F26FD254-09D9-462A-B1F3-3A4FCEF807E5}"
EndProject
Project("{F184B08F-C81C-45F6-A57F-5ABD9991F28F}") = "AUOL7BDEQGUIOCX", "common\L8BIFPRJ\GUI\EQ\AUOL7BEQGUIOCX\AUOL7BDEQGUIOCX\AUOL7BDEQGUIOCX.vbproj", "{E399EE40-1624-4392-B120-415A4C41F0C7}"
EndProject
Project("{FAE04EC0-301F-11D3-BF4B-00C04F79EFBC}") = "PLC ReadWrite", "common\L8BIFPRJ\PLC ReadWrite\PLC ReadWrite\PLC ReadWrite.csproj", "{D3BDC9B9-2899-4625-AE44-20615B7BEBBF}"
EndProject
Project("{F184B08F-C81C-45F6-A57F-5ABD9991F28F}") = "L8BIFPRJ", "common\L8BIFPRJ\L8BIFPRJ\L8BIFPRJ.vbproj", "{8534F055-FFC1-4FD0-AABA-62EE497DA5B5}"
EndProject
Global
	GlobalSection(SolutionConfigurationPlatforms) = preSolution
		Debug|Any CPU = Debug|Any CPU
		Release|Any CPU = Release|Any CPU
	EndGlobalSection
	GlobalSection(ProjectConfigurationPlatforms) = postSolution
		{7645F4B9-DC7A-4440-9882-E7D38DF2C68C}.Debug|Any CPU.ActiveCfg = Debug|Any CPU
		{7645F4B9-DC7A-4440-9882-E7D38DF2C68C}.Debug|Any CPU.Build.0 = Debug|Any CPU
		{7645F4B9-DC7A-4440-9882-E7D38DF2C68C}.Release|Any CPU.ActiveCfg = Release|Any CPU
		{7645F4B9-DC7A-4440-9882-E7D38DF2C68C}.Release|Any CPU.Build.0 = Release|Any CPU
		{A6CCFEDB-1DBB-485F-863B-977EB05BD14B}.Debug|Any CPU.ActiveCfg = Debug|Any CPU
		{A6CCFEDB-1DBB-485F-863B-977EB05BD14B}.Debug|Any CPU.Build.0 = Debug|Any CPU
		{A6CCFEDB-1DBB-485F-863B-977EB05BD14B}.Release|Any CPU.ActiveCfg = Release|Any CPU
		{A6CCFEDB-1DBB-485F-863B-977EB05BD14B}.Release|Any CPU.Build.0 = Release|Any CPU
		{763EF376-57A9-4468-95D2-EFF32C453031}.Debug|Any CPU.ActiveCfg = Debug|Any CPU
		{763EF376-57A9-4468-95D2-EFF32C453031}.Debug|Any CPU.Build.0 = Debug|Any CPU
		{763EF376-57A9-4468-95D2-EFF32C453031}.Release|Any CPU.ActiveCfg = Release|Any CPU
		{763EF376-57A9-4468-95D2-EFF32C453031}.Release|Any CPU.Build.0 = Release|Any CPU
		{BB5064B6-E3E3-4537-ADCC-86D746900EC5}.Debug|Any CPU.ActiveCfg = Debug|Any CPU
		{BB5064B6-E3E3-4537-ADCC-86D746900EC5}.Debug|Any CPU.Build.0 = Debug|Any CPU
		{BB5064B6-E3E3-4537-ADCC-86D746900EC5}.Release|Any CPU.ActiveCfg = Release|Any CPU
		{BB5064B6-E3E3-4537-ADCC-86D746900EC5}.Release|Any CPU.Build.0 = Release|Any CPU
		{D64A2C7D-9FC4-4157-B046-715F18784A78}.Debug|Any CPU.ActiveCfg = Debug|Any CPU
		{D64A2C7D-9FC4-4157-B046-715F18784A78}.Debug|Any CPU.Build.0 = Debug|Any CPU
		{D64A2C7D-9FC4-4157-B046-715F18784A78}.Release|Any CPU.ActiveCfg = Release|Any CPU
		{D64A2C7D-9FC4-4157-B046-715F18784A78}.Release|Any CPU.Build.0 = Release|Any CPU
		{2B4434F9-5D99-4A80-BEED-2254AA5B0DA2}.Debug|Any CPU.ActiveCfg = Debug|Any CPU
		{2B4434F9-5D99-4A80-BEED-2254AA5B0DA2}.Debug|Any CPU.Build.0 = Debug|Any CPU
		{2B4434F9-5D99-4A80-BEED-2254AA5B0DA2}.Release|Any CPU.ActiveCfg = Release|Any CPU
		{2B4434F9-5D99-4A80-BEED-2254AA5B0DA2}.Release|Any CPU.Build.0 = Release|Any CPU
		{F26FD254-09D9-462A-B1F3-3A4FCEF807E5}.Debug|Any CPU.ActiveCfg = Debug|Any CPU
		{F26FD254-09D9-462A-B1F3-3A4FCEF807E5}.Debug|Any CPU.Build.0 = Debug|Any CPU
		{F26FD254-09D9-462A-B1F3-3A4FCEF807E5}.Release|Any CPU.ActiveCfg = Release|Any CPU
		{F26FD254-09D9-462A-B1F3-3A4FCEF807E5}.Release|Any CPU.Build.0 = Release|Any CPU
		{E399EE40-1624-4392-B120-415A4C41F0C7}.Debug|Any CPU.ActiveCfg = Debug|Any CPU
		{E399EE40-1624-4392-B120-415A4C41F0C7}.Debug|Any CPU.Build.0 = Debug|Any CPU
		{E399EE40-1624-4392-B120-415A4C41F0C7}.Release|Any CPU.ActiveCfg = Release|Any CPU
		{E399EE40-1624-4392-B120-415A4C41F0C7}.Release|Any CPU.Build.0 = Release|Any CPU
		{D3BDC9B9-2899-4625-AE44-20615B7BEBBF}.Debug|Any CPU.ActiveCfg = Debug|Any CPU
		{D3BDC9B9-2899-4625-AE44-20615B7BEBBF}.Debug|Any CPU.Build.0 = Debug|Any CPU
		{D3BDC9B9-2899-4625-AE44-20615B7BEBBF}.Release|Any CPU.ActiveCfg = Release|Any CPU
		{D3BDC9B9-2899-4625-AE44-20615B7BEBBF}.Release|Any CPU.Build.0 = Release|Any CPU
		{8534F055-FFC1-4FD0-AABA-62EE497DA5B5}.Debug|Any CPU.ActiveCfg = Debug|Any CPU
		{8534F055-FFC1-4FD0-AABA-62EE497DA5B5}.Debug|Any CPU.Build.0 = Debug|Any CPU
		{8534F055-FFC1-4FD0-AABA-62EE497DA5B5}.Release|Any CPU.ActiveCfg = Release|Any CPU
		{8534F055-FFC1-4FD0-AABA-62EE497DA5B5}.Release|Any CPU.Build.0 = Release|Any CPU
	EndGlobalSection
	GlobalSection(SolutionProperties) = preSolution
		HideSolutionNode = FALSE
	EndGlobalSection
EndGlobal
