
Microsoft Visual Studio Solution File, Format Version 10.00
# Visual Studio 2008
Project("{F184B08F-C81C-45F6-A57F-5ABD9991F28F}") = "prjSEMI", "prjSEMI.vbproj", "{2B4434F9-5D99-4A80-BEED-2254AA5B0DA2}"
EndProject
Global
	GlobalSection(SolutionConfigurationPlatforms) = preSolution
		Debug|Any CPU = Debug|Any CPU
		Release|Any CPU = Release|Any CPU
	EndGlobalSection
	GlobalSection(ProjectConfigurationPlatforms) = postSolution
		{2B4434F9-5D99-4A80-BEED-2254AA5B0DA2}.Debug|Any CPU.ActiveCfg = Debug|Any CPU
		{2B4434F9-5D99-4A80-BEED-2254AA5B0DA2}.Debug|Any CPU.Build.0 = Debug|Any CPU
		{2B4434F9-5D99-4A80-BEED-2254AA5B0DA2}.Release|Any CPU.ActiveCfg = Release|Any CPU
		{2B4434F9-5D99-4A80-BEED-2254AA5B0DA2}.Release|Any CPU.Build.0 = Release|Any CPU
	EndGlobalSection
	GlobalSection(SolutionProperties) = preSolution
		HideSolutionNode = FALSE
	EndGlobalSection
EndGlobal
